
Microsoft Visual Studio Solution File, Format Version 12.00
# Visual Studio Version 16
VisualStudioVersion = 16.0.30611.23
MinimumVisualStudioVersion = 10.0.40219.1
Project("{FAE04EC0-301F-11D3-BF4B-00C04F79EFBC}") = "wfaCopyData", "wfaCopyData\wfaCopyData.csproj", "{38E4298C-F176-4090-AEF5-1105A8F9CC75}"
EndProject
Global
	GlobalSection(SolutionConfigurationPlatforms) = preSolution
		Debug|Any CPU = Debug|Any CPU
		Release|Any CPU = Release|Any CPU
	EndGlobalSection
	GlobalSection(ProjectConfigurationPlatforms) = postSolution
		{38E4298C-F176-4090-AEF5-1105A8F9CC75}.Debug|Any CPU.ActiveCfg = Debug|Any CPU
		{38E4298C-F176-4090-AEF5-1105A8F9CC75}.Debug|Any CPU.Build.0 = Debug|Any CPU
		{38E4298C-F176-4090-AEF5-1105A8F9CC75}.Release|Any CPU.ActiveCfg = Release|Any CPU
		{38E4298C-F176-4090-AEF5-1105A8F9CC75}.Release|Any CPU.Build.0 = Release|Any CPU
	EndGlobalSection
	GlobalSection(SolutionProperties) = preSolution
		HideSolutionNode = FALSE
	EndGlobalSection
	GlobalSection(ExtensibilityGlobals) = postSolution
		SolutionGuid = {A32C0A81-8583-4BA9-BE85-767BB65F6D9E}
	EndGlobalSection
EndGlobal
